
Microsoft Visual Studio Solution File, Format Version 12.00
# Visual Studio Version 17
VisualStudioVersion = 17.7.34018.315
MinimumVisualStudioVersion = 10.0.40219.1
Project("{FAE04EC0-301F-11D3-BF4B-00C04F79EFBC}") = "laba1", "laba1.csproj", "{5BA2396F-304E-4235-A6A6-C291C5834E31}"
EndProject
Global
	GlobalSection(SolutionConfigurationPlatforms) = preSolution
		Debug|Any CPU = Debug|Any CPU
		Release|Any CPU = Release|Any CPU
	EndGlobalSection
	GlobalSection(ProjectConfigurationPlatforms) = postSolution
		{5BA2396F-304E-4235-A6A6-C291C5834E31}.Debug|Any CPU.ActiveCfg = Debug|Any CPU
		{5BA2396F-304E-4235-A6A6-C291C5834E31}.Debug|Any CPU.Build.0 = Debug|Any CPU
		{5BA2396F-304E-4235-A6A6-C291C5834E31}.Release|Any CPU.ActiveCfg = Release|Any CPU
		{5BA2396F-304E-4235-A6A6-C291C5834E31}.Release|Any CPU.Build.0 = Release|Any CPU
	EndGlobalSection
	GlobalSection(SolutionProperties) = preSolution
		HideSolutionNode = FALSE
	EndGlobalSection
	GlobalSection(ExtensibilityGlobals) = postSolution
		SolutionGuid = {7ECE5F8B-2DE7-4366-B664-F70704745EEF}
	EndGlobalSection
EndGlobal
